
Microsoft Visual Studio Solution File, Format Version 12.00
Project("{FAE04EC0-301F-11D3-BF4B-00C04F79EFBC}") = "Singleton", "Singleton\Singleton.csproj", "{A1811407-7EAC-4079-ACC3-77A0C14735D9}"
EndProject
Project("{FAE04EC0-301F-11D3-BF4B-00C04F79EFBC}") = "ThreadSingleton", "ThreadSingleton\ThreadSingleton.csproj", "{6C813047-A6CF-4BB6-BCB2-3BD8EAFC16F2}"
EndProject
Project("{FAE04EC0-301F-11D3-BF4B-00C04F79EFBC}") = "FactoryMethod", "FactoryMethod\FactoryMethod.csproj", "{ACF69417-0C4C-4DC2-BFF0-BF4AC3C8EDF3}"
EndProject
Project("{FAE04EC0-301F-11D3-BF4B-00C04F79EFBC}") = "AbstractFactory", "AbstractFactory\AbstractFactory.csproj", "{0480CEBE-B479-4A75-986A-5818C812BD34}"
EndProject
Project("{FAE04EC0-301F-11D3-BF4B-00C04F79EFBC}") = "Prototype", "Prototype\Prototype.csproj", "{E22C319C-F8A5-43DC-9C86-F60B41DC75F0}"
EndProject
Project("{FAE04EC0-301F-11D3-BF4B-00C04F79EFBC}") = "Builder", "Builder\Builder.csproj", "{6A7AA231-A35C-4F7E-B896-7D5A9DE1F9EC}"
EndProject
Project("{FAE04EC0-301F-11D3-BF4B-00C04F79EFBC}") = "Facade", "Facade\Facade.csproj", "{18B41221-BF62-4A15-991B-C15A8E878486}"
EndProject
Project("{FAE04EC0-301F-11D3-BF4B-00C04F79EFBC}") = "Adapter", "Adapter\Adapter.csproj", "{E47C332D-74B4-467E-8381-EA3375A81DFB}"
EndProject
Project("{FAE04EC0-301F-11D3-BF4B-00C04F79EFBC}") = "Composite", "Composite\Composite.csproj", "{3407594E-282A-4C8B-BC07-2C03083B2044}"
EndProject
Project("{FAE04EC0-301F-11D3-BF4B-00C04F79EFBC}") = "Proxy", "Proxy\Proxy.csproj", "{1EA3CD1F-2652-45F2-9EDE-84DD7E9A4CBF}"
EndProject
Project("{FAE04EC0-301F-11D3-BF4B-00C04F79EFBC}") = "Decorator", "Decorator\Decorator.csproj", "{2E8A8FB7-B33C-4C84-9D80-D01F9861C90B}"
EndProject
Project("{FAE04EC0-301F-11D3-BF4B-00C04F79EFBC}") = "Bridge", "Bridge\Bridge.csproj", "{47ECD3E3-5586-4630-A3ED-B7ADF5E6C498}"
EndProject
Project("{FAE04EC0-301F-11D3-BF4B-00C04F79EFBC}") = "Strategy", "Strategy\Strategy.csproj", "{B8CA46D7-28C1-40D9-829D-06CED44920A2}"
EndProject
Project("{FAE04EC0-301F-11D3-BF4B-00C04F79EFBC}") = "State", "State\State.csproj", "{29C029C3-CD74-4918-BCFF-FD01D87A2D73}"
EndProject
Project("{FAE04EC0-301F-11D3-BF4B-00C04F79EFBC}") = "Mediator", "Mediator\Mediator.csproj", "{37DE33DF-B296-46E0-AB56-B1D3EC48C8B4}"
EndProject
Project("{FAE04EC0-301F-11D3-BF4B-00C04F79EFBC}") = "Command", "Command\Command.csproj", "{2E1B743F-DCAF-4175-970C-2FD5C429BB80}"
EndProject
Project("{FAE04EC0-301F-11D3-BF4B-00C04F79EFBC}") = "Visitor", "Visitor\Visitor.csproj", "{B518C35A-40C9-4384-9246-088B94C9D75C}"
EndProject
Project("{FAE04EC0-301F-11D3-BF4B-00C04F79EFBC}") = "DependencyInjection", "DependencyInjection\DependencyInjection.csproj", "{553AD99E-403B-4F4C-A418-F760606E852D}"
EndProject
Project("{FAE04EC0-301F-11D3-BF4B-00C04F79EFBC}") = "NullObject", "NullObject\NullObject.csproj", "{DE7830AB-DE86-49A0-98B7-85B85F401362}"
EndProject
Project("{FAE04EC0-301F-11D3-BF4B-00C04F79EFBC}") = "Multitone", "Multitone\Multitone.csproj", "{6669D6CC-1E8A-429E-A6C1-4BDBFA77105E}"
EndProject
Global
	GlobalSection(SolutionConfigurationPlatforms) = preSolution
		Debug|Any CPU = Debug|Any CPU
		Release|Any CPU = Release|Any CPU
	EndGlobalSection
	GlobalSection(ProjectConfigurationPlatforms) = postSolution
		{A1811407-7EAC-4079-ACC3-77A0C14735D9}.Debug|Any CPU.ActiveCfg = Debug|Any CPU
		{A1811407-7EAC-4079-ACC3-77A0C14735D9}.Debug|Any CPU.Build.0 = Debug|Any CPU
		{A1811407-7EAC-4079-ACC3-77A0C14735D9}.Release|Any CPU.ActiveCfg = Release|Any CPU
		{A1811407-7EAC-4079-ACC3-77A0C14735D9}.Release|Any CPU.Build.0 = Release|Any CPU
		{6C813047-A6CF-4BB6-BCB2-3BD8EAFC16F2}.Debug|Any CPU.ActiveCfg = Debug|Any CPU
		{6C813047-A6CF-4BB6-BCB2-3BD8EAFC16F2}.Debug|Any CPU.Build.0 = Debug|Any CPU
		{6C813047-A6CF-4BB6-BCB2-3BD8EAFC16F2}.Release|Any CPU.ActiveCfg = Release|Any CPU
		{6C813047-A6CF-4BB6-BCB2-3BD8EAFC16F2}.Release|Any CPU.Build.0 = Release|Any CPU
		{ACF69417-0C4C-4DC2-BFF0-BF4AC3C8EDF3}.Debug|Any CPU.ActiveCfg = Debug|Any CPU
		{ACF69417-0C4C-4DC2-BFF0-BF4AC3C8EDF3}.Debug|Any CPU.Build.0 = Debug|Any CPU
		{ACF69417-0C4C-4DC2-BFF0-BF4AC3C8EDF3}.Release|Any CPU.ActiveCfg = Release|Any CPU
		{ACF69417-0C4C-4DC2-BFF0-BF4AC3C8EDF3}.Release|Any CPU.Build.0 = Release|Any CPU
		{0480CEBE-B479-4A75-986A-5818C812BD34}.Debug|Any CPU.ActiveCfg = Debug|Any CPU
		{0480CEBE-B479-4A75-986A-5818C812BD34}.Debug|Any CPU.Build.0 = Debug|Any CPU
		{0480CEBE-B479-4A75-986A-5818C812BD34}.Release|Any CPU.ActiveCfg = Release|Any CPU
		{0480CEBE-B479-4A75-986A-5818C812BD34}.Release|Any CPU.Build.0 = Release|Any CPU
		{E22C319C-F8A5-43DC-9C86-F60B41DC75F0}.Debug|Any CPU.ActiveCfg = Debug|Any CPU
		{E22C319C-F8A5-43DC-9C86-F60B41DC75F0}.Debug|Any CPU.Build.0 = Debug|Any CPU
		{E22C319C-F8A5-43DC-9C86-F60B41DC75F0}.Release|Any CPU.ActiveCfg = Release|Any CPU
		{E22C319C-F8A5-43DC-9C86-F60B41DC75F0}.Release|Any CPU.Build.0 = Release|Any CPU
		{6A7AA231-A35C-4F7E-B896-7D5A9DE1F9EC}.Debug|Any CPU.ActiveCfg = Debug|Any CPU
		{6A7AA231-A35C-4F7E-B896-7D5A9DE1F9EC}.Debug|Any CPU.Build.0 = Debug|Any CPU
		{6A7AA231-A35C-4F7E-B896-7D5A9DE1F9EC}.Release|Any CPU.ActiveCfg = Release|Any CPU
		{6A7AA231-A35C-4F7E-B896-7D5A9DE1F9EC}.Release|Any CPU.Build.0 = Release|Any CPU
		{18B41221-BF62-4A15-991B-C15A8E878486}.Debug|Any CPU.ActiveCfg = Debug|Any CPU
		{18B41221-BF62-4A15-991B-C15A8E878486}.Debug|Any CPU.Build.0 = Debug|Any CPU
		{18B41221-BF62-4A15-991B-C15A8E878486}.Release|Any CPU.ActiveCfg = Release|Any CPU
		{18B41221-BF62-4A15-991B-C15A8E878486}.Release|Any CPU.Build.0 = Release|Any CPU
		{E47C332D-74B4-467E-8381-EA3375A81DFB}.Debug|Any CPU.ActiveCfg = Debug|Any CPU
		{E47C332D-74B4-467E-8381-EA3375A81DFB}.Debug|Any CPU.Build.0 = Debug|Any CPU
		{E47C332D-74B4-467E-8381-EA3375A81DFB}.Release|Any CPU.ActiveCfg = Release|Any CPU
		{E47C332D-74B4-467E-8381-EA3375A81DFB}.Release|Any CPU.Build.0 = Release|Any CPU
		{3407594E-282A-4C8B-BC07-2C03083B2044}.Debug|Any CPU.ActiveCfg = Debug|Any CPU
		{3407594E-282A-4C8B-BC07-2C03083B2044}.Debug|Any CPU.Build.0 = Debug|Any CPU
		{3407594E-282A-4C8B-BC07-2C03083B2044}.Release|Any CPU.ActiveCfg = Release|Any CPU
		{3407594E-282A-4C8B-BC07-2C03083B2044}.Release|Any CPU.Build.0 = Release|Any CPU
		{1EA3CD1F-2652-45F2-9EDE-84DD7E9A4CBF}.Debug|Any CPU.ActiveCfg = Debug|Any CPU
		{1EA3CD1F-2652-45F2-9EDE-84DD7E9A4CBF}.Debug|Any CPU.Build.0 = Debug|Any CPU
		{1EA3CD1F-2652-45F2-9EDE-84DD7E9A4CBF}.Release|Any CPU.ActiveCfg = Release|Any CPU
		{1EA3CD1F-2652-45F2-9EDE-84DD7E9A4CBF}.Release|Any CPU.Build.0 = Release|Any CPU
		{2E8A8FB7-B33C-4C84-9D80-D01F9861C90B}.Debug|Any CPU.ActiveCfg = Debug|Any CPU
		{2E8A8FB7-B33C-4C84-9D80-D01F9861C90B}.Debug|Any CPU.Build.0 = Debug|Any CPU
		{2E8A8FB7-B33C-4C84-9D80-D01F9861C90B}.Release|Any CPU.ActiveCfg = Release|Any CPU
		{2E8A8FB7-B33C-4C84-9D80-D01F9861C90B}.Release|Any CPU.Build.0 = Release|Any CPU
		{47ECD3E3-5586-4630-A3ED-B7ADF5E6C498}.Debug|Any CPU.ActiveCfg = Debug|Any CPU
		{47ECD3E3-5586-4630-A3ED-B7ADF5E6C498}.Debug|Any CPU.Build.0 = Debug|Any CPU
		{47ECD3E3-5586-4630-A3ED-B7ADF5E6C498}.Release|Any CPU.ActiveCfg = Release|Any CPU
		{47ECD3E3-5586-4630-A3ED-B7ADF5E6C498}.Release|Any CPU.Build.0 = Release|Any CPU
		{B8CA46D7-28C1-40D9-829D-06CED44920A2}.Debug|Any CPU.ActiveCfg = Debug|Any CPU
		{B8CA46D7-28C1-40D9-829D-06CED44920A2}.Debug|Any CPU.Build.0 = Debug|Any CPU
		{B8CA46D7-28C1-40D9-829D-06CED44920A2}.Release|Any CPU.ActiveCfg = Release|Any CPU
		{B8CA46D7-28C1-40D9-829D-06CED44920A2}.Release|Any CPU.Build.0 = Release|Any CPU
		{29C029C3-CD74-4918-BCFF-FD01D87A2D73}.Debug|Any CPU.ActiveCfg = Debug|Any CPU
		{29C029C3-CD74-4918-BCFF-FD01D87A2D73}.Debug|Any CPU.Build.0 = Debug|Any CPU
		{29C029C3-CD74-4918-BCFF-FD01D87A2D73}.Release|Any CPU.ActiveCfg = Release|Any CPU
		{29C029C3-CD74-4918-BCFF-FD01D87A2D73}.Release|Any CPU.Build.0 = Release|Any CPU
		{37DE33DF-B296-46E0-AB56-B1D3EC48C8B4}.Debug|Any CPU.ActiveCfg = Debug|Any CPU
		{37DE33DF-B296-46E0-AB56-B1D3EC48C8B4}.Debug|Any CPU.Build.0 = Debug|Any CPU
		{37DE33DF-B296-46E0-AB56-B1D3EC48C8B4}.Release|Any CPU.ActiveCfg = Release|Any CPU
		{37DE33DF-B296-46E0-AB56-B1D3EC48C8B4}.Release|Any CPU.Build.0 = Release|Any CPU
		{2E1B743F-DCAF-4175-970C-2FD5C429BB80}.Debug|Any CPU.ActiveCfg = Debug|Any CPU
		{2E1B743F-DCAF-4175-970C-2FD5C429BB80}.Debug|Any CPU.Build.0 = Debug|Any CPU
		{2E1B743F-DCAF-4175-970C-2FD5C429BB80}.Release|Any CPU.ActiveCfg = Release|Any CPU
		{2E1B743F-DCAF-4175-970C-2FD5C429BB80}.Release|Any CPU.Build.0 = Release|Any CPU
		{B518C35A-40C9-4384-9246-088B94C9D75C}.Debug|Any CPU.ActiveCfg = Debug|Any CPU
		{B518C35A-40C9-4384-9246-088B94C9D75C}.Debug|Any CPU.Build.0 = Debug|Any CPU
		{B518C35A-40C9-4384-9246-088B94C9D75C}.Release|Any CPU.ActiveCfg = Release|Any CPU
		{B518C35A-40C9-4384-9246-088B94C9D75C}.Release|Any CPU.Build.0 = Release|Any CPU
		{553AD99E-403B-4F4C-A418-F760606E852D}.Debug|Any CPU.ActiveCfg = Debug|Any CPU
		{553AD99E-403B-4F4C-A418-F760606E852D}.Debug|Any CPU.Build.0 = Debug|Any CPU
		{553AD99E-403B-4F4C-A418-F760606E852D}.Release|Any CPU.ActiveCfg = Release|Any CPU
		{553AD99E-403B-4F4C-A418-F760606E852D}.Release|Any CPU.Build.0 = Release|Any CPU
		{DE7830AB-DE86-49A0-98B7-85B85F401362}.Debug|Any CPU.ActiveCfg = Debug|Any CPU
		{DE7830AB-DE86-49A0-98B7-85B85F401362}.Debug|Any CPU.Build.0 = Debug|Any CPU
		{DE7830AB-DE86-49A0-98B7-85B85F401362}.Release|Any CPU.ActiveCfg = Release|Any CPU
		{DE7830AB-DE86-49A0-98B7-85B85F401362}.Release|Any CPU.Build.0 = Release|Any CPU
		{6669D6CC-1E8A-429E-A6C1-4BDBFA77105E}.Debug|Any CPU.ActiveCfg = Debug|Any CPU
		{6669D6CC-1E8A-429E-A6C1-4BDBFA77105E}.Debug|Any CPU.Build.0 = Debug|Any CPU
		{6669D6CC-1E8A-429E-A6C1-4BDBFA77105E}.Release|Any CPU.ActiveCfg = Release|Any CPU
		{6669D6CC-1E8A-429E-A6C1-4BDBFA77105E}.Release|Any CPU.Build.0 = Release|Any CPU
	EndGlobalSection
EndGlobal
